{
  "originHash" : "14a42a38459082d17b49348232d6e2f871cc9c15a85a2769dd4c7f4b79a115eb",
  "pins" : [
    {
      "identity" : "abseil-cpp-binary",
      "kind" : "remoteSourceControl",
      "location" : "https://github.com/google/abseil-cpp-binary.git",
      "state" : {
        "revision" : "bbe8b69694d7873315fd3a4ad41efe043e1c07c5",
        "version" : "1.2024072200.0"
      }
    },
    {
      "identity" : "alamofire",
      "kind" : "remoteSourceControl",
      "location" : "https://github.com/Alamofire/Alamofire.git",
      "state" : {
        "revision" : "bda9ed57d72988a3a2ada33d824583541f86eac6",
        "version" : "5.12.2"
      }
    },
    {
      "identity" : "app-check",
      "kind" : "remoteSourceControl",
      "location" : "https://github.com/google/app-check.git",
      "state" : {
        "revision" : "97f7d74dd0e8f3d0fe5fc75cc8957aa73bdc948a",
        "version" : "11.3.2"
      }
    },
    {
      "identity" : "firebase-ios-sdk",
      "kind" : "remoteSourceControl",
      "location" : "https://github.com/firebase/firebase-ios-sdk.git",
      "state" : {
        "revision" : "346daa9f46316aa372b35b317e18224acc2e9063",
        "version" : "12.18.0"
      }
    },
    {
      "identity" : "google-ads-on-device-conversion-ios-sdk",
      "kind" : "remoteSourceControl",
      "location" : "https://github.com/googleads/google-ads-on-device-conversion-ios-sdk",
      "state" : {
        "revision" : "dc39082d8881109d35b94b1c122164c0e8d08a55",
        "version" : "3.6.1"
      }
    },
    {
      "identity" : "google-mlkit-swiftpm",
      "kind" : "remoteSourceControl",
      "location" : "https://github.com/d-date/google-mlkit-swiftpm.git",
      "state" : {
        "revision" : "f9c5ccb28a372ad0d025e26df094c42771b5cd01",
        "version" : "9.0.2"
      }
    },
    {
      "identity" : "googleappmeasurement",
      "kind" : "remoteSourceControl",
      "location" : "https://github.com/google/GoogleAppMeasurement.git",
      "state" : {
        "revision" : "f04760d460296cc0fa430935a7be212e5bd67fc5",
        "version" : "12.18.0"
      }
    },
    {
      "identity" : "googledatatransport",
      "kind" : "remoteSourceControl",
      "location" : "https://github.com/google/GoogleDataTransport.git",
      "state" : {
        "revision" : "617af071af9aa1d6a091d59a202910ac482128f9",
        "version" : "10.1.0"
      }
    },
    {
      "identity" : "googleutilities",
      "kind" : "remoteSourceControl",
      "location" : "https://github.com/google/GoogleUtilities.git",
      "state" : {
        "revision" : "60da361632d0de02786f709bdc0c4df340f7613e",
        "version" : "8.1.0"
      }
    },
    {
      "identity" : "grpc-binary",
      "kind" : "remoteSourceControl",
      "location" : "https://github.com/google/grpc-binary.git",
      "state" : {
        "revision" : "75b31c842f664a0f46a2e590a570e370249fd8f6",
        "version" : "1.69.1"
      }
    },
    {
      "identity" : "gtm-session-fetcher",
      "kind" : "remoteSourceControl",
      "location" : "https://github.com/google/gtm-session-fetcher.git",
      "state" : {
        "revision" : "a2ab612cb980066ee56d90d60d8462992c07f24b",
        "version" : "3.5.0"
      }
    },
    {
      "identity" : "interop-ios-for-google-sdks",
      "kind" : "remoteSourceControl",
      "location" : "https://github.com/google/interop-ios-for-google-sdks.git",
      "state" : {
        "revision" : "040d087ac2267d2ddd4cca36c757d1c6a05fdbfe",
        "version" : "101.0.0"
      }
    },
    {
      "identity" : "iqkeyboardcore",
      "kind" : "remoteSourceControl",
      "location" : "https://github.com/hackiftekhar/IQKeyboardCore.git",
      "state" : {
        "revision" : "4ece00fae7ddff664eb7b2c7d3b4b722bcdd438c",
        "version" : "1.0.9"
      }
    },
    {
      "identity" : "iqkeyboardmanager",
      "kind" : "remoteSourceControl",
      "location" : "https://github.com/hackiftekhar/IQKeyboardManager.git",
      "state" : {
        "revision" : "0972dd6eded87c930fb6ad36b3c5ecd620f06894",
        "version" : "8.0.3"
      }
    },
    {
      "identity" : "iqkeyboardnotification",
      "kind" : "remoteSourceControl",
      "location" : "https://github.com/hackiftekhar/IQKeyboardNotification.git",
      "state" : {
        "revision" : "efa705d7200edd95b6e31e65e25171f7e897f995",
        "version" : "1.0.7"
      }
    },
    {
      "identity" : "iqkeyboardreturnmanager",
      "kind" : "remoteSourceControl",
      "location" : "https://github.com/hackiftekhar/IQKeyboardReturnManager.git",
      "state" : {
        "revision" : "495f694a6e62e431d776b4926a18fc26c62db317",
        "version" : "1.0.6"
      }
    },
    {
      "identity" : "iqkeyboardtoolbar",
      "kind" : "remoteSourceControl",
      "location" : "https://github.com/hackiftekhar/IQKeyboardToolbar.git",
      "state" : {
        "revision" : "9d44e6b5d49776b8b979d5ff24cd4c7b3a4917c1",
        "version" : "1.1.5"
      }
    },
    {
      "identity" : "iqkeyboardtoolbarmanager",
      "kind" : "remoteSourceControl",
      "location" : "https://github.com/hackiftekhar/IQKeyboardToolbarManager.git",
      "state" : {
        "revision" : "f462b3310ac31d4ece7b1346b35abf2c0b3e7eca",
        "version" : "1.1.6"
      }
    },
    {
      "identity" : "iqtextinputviewnotification",
      "kind" : "remoteSourceControl",
      "location" : "https://github.com/hackiftekhar/IQTextInputViewNotification.git",
      "state" : {
        "revision" : "723784a2197121bb76a940cc6d79fd2fa6c23f43",
        "version" : "1.0.9"
      }
    },
    {
      "identity" : "iqtextview",
      "kind" : "remoteSourceControl",
      "location" : "https://github.com/hackiftekhar/IQTextView.git",
      "state" : {
        "revision" : "76f514eba5218bdf67659168ba227c77da5f75fe",
        "version" : "1.0.5"
      }
    },
    {
      "identity" : "leveldb",
      "kind" : "remoteSourceControl",
      "location" : "https://github.com/firebase/leveldb.git",
      "state" : {
        "revision" : "a0bc79961d7be727d258d33d5a6b2f1023270ba1",
        "version" : "1.22.5"
      }
    },
    {
      "identity" : "lottie-spm",
      "kind" : "remoteSourceControl",
      "location" : "https://github.com/airbnb/lottie-spm.git",
      "state" : {
        "revision" : "0aff16288f8dc1e3dab35cbf5cf45979673fd3df",
        "version" : "4.6.1"
      }
    },
    {
      "identity" : "moya",
      "kind" : "remoteSourceControl",
      "location" : "https://github.com/Moya/Moya.git",
      "state" : {
        "revision" : "c263811c1f3dbf002be9bd83107f7cdc38992b26",
        "version" : "15.0.3"
      }
    },
    {
      "identity" : "nanopb",
      "kind" : "remoteSourceControl",
      "location" : "https://github.com/firebase/nanopb.git",
      "state" : {
        "revision" : "b7e1104502eca3a213b46303391ca4d3bc8ddec1",
        "version" : "2.30910.0"
      }
    },
    {
      "identity" : "netfox",
      "kind" : "remoteSourceControl",
      "location" : "https://github.com/kasketis/netfox.git",
      "state" : {
        "revision" : "557576032736fd3140422baefb68b8f76c55088f",
        "version" : "1.21.0"
      }
    },
    {
      "identity" : "promises",
      "kind" : "remoteSourceControl",
      "location" : "https://github.com/google/promises.git",
      "state" : {
        "revision" : "540318ecedd63d883069ae7f1ed811a2df00b6ac",
        "version" : "2.4.0"
      }
    },
    {
      "identity" : "reactiveswift",
      "kind" : "remoteSourceControl",
      "location" : "https://github.com/ReactiveCocoa/ReactiveSwift.git",
      "state" : {
        "revision" : "c43bae3dac73fdd3cb906bd5a1914686ca71ed3c",
        "version" : "6.7.0"
      }
    },
    {
      "identity" : "richtext",
      "kind" : "remoteSourceControl",
      "location" : "https://github.com/NuPlay/RichText.git",
      "state" : {
        "revision" : "d9c343949b677ba250319074abb4fa91b68f6838",
        "version" : "3.1.1"
      }
    },
    {
      "identity" : "rxswift",
      "kind" : "remoteSourceControl",
      "location" : "https://github.com/ReactiveX/RxSwift.git",
      "state" : {
        "revision" : "132aea4f236ccadc51590b38af0357a331d51fa2",
        "version" : "6.10.2"
      }
    },
    {
      "identity" : "sdwebimage",
      "kind" : "remoteSourceControl",
      "location" : "https://github.com/SDWebImage/SDWebImage.git",
      "state" : {
        "revision" : "2de3a496eaf6df9a1312862adcfd54acd73c39c0",
        "version" : "5.21.7"
      }
    },
    {
      "identity" : "sdwebimageswiftui",
      "kind" : "remoteSourceControl",
      "location" : "https://github.com/SDWebImage/SDWebImageSwiftUI.git",
      "state" : {
        "revision" : "0e331457ca9af2f0b08bcaa138a91ffb907b004f",
        "version" : "3.1.4"
      }
    },
    {
      "identity" : "stream-chat-swift",
      "kind" : "remoteSourceControl",
      "location" : "https://github.com/getstream/stream-chat-swift",
      "state" : {
        "revision" : "e1ad1bf1f5d3bc28160a7796299f268df03e7dcf",
        "version" : "5.11.0"
      }
    },
    {
      "identity" : "stream-core-swift",
      "kind" : "remoteSourceControl",
      "location" : "https://github.com/GetStream/stream-core-swift.git",
      "state" : {
        "revision" : "fc4cc112690e1389e5ca3172bc3b55fea1dbc0da",
        "version" : "0.10.1"
      }
    },
    {
      "identity" : "swiftui-introspect",
      "kind" : "remoteSourceControl",
      "location" : "https://github.com/timbersoftware/SwiftUI-Introspect.git",
      "state" : {
        "revision" : "732316ac5957675eac2ed8ef9c0a5b95a353f9ff",
        "version" : "0.0.6"
      }
    }
  ],
  "version" : 3
}
